
Microsoft Visual Studio Solution File, Format Version 12.00
# Visual Studio 15
VisualStudioVersion = 15.0.28307.705
MinimumVisualStudioVersion = 10.0.40219.1
Project("{FAE04EC0-301F-11D3-BF4B-00C04F79EFBC}") = "CustomHtmlHelper", "CustomHtmlHelper\CustomHtmlHelper.csproj", "{5980A57B-BDFB-45D6-BFCC-6D881171AA23}"
EndProject
Global
	GlobalSection(SolutionConfigurationPlatforms) = preSolution
		Debug|Any CPU = Debug|Any CPU
		Release|Any CPU = Release|Any CPU
	EndGlobalSection
	GlobalSection(ProjectConfigurationPlatforms) = postSolution
		{5980A57B-BDFB-45D6-BFCC-6D881171AA23}.Debug|Any CPU.ActiveCfg = Debug|Any CPU
		{5980A57B-BDFB-45D6-BFCC-6D881171AA23}.Debug|Any CPU.Build.0 = Debug|Any CPU
		{5980A57B-BDFB-45D6-BFCC-6D881171AA23}.Release|Any CPU.ActiveCfg = Release|Any CPU
		{5980A57B-BDFB-45D6-BFCC-6D881171AA23}.Release|Any CPU.Build.0 = Release|Any CPU
	EndGlobalSection
	GlobalSection(SolutionProperties) = preSolution
		HideSolutionNode = FALSE
	EndGlobalSection
	GlobalSection(ExtensibilityGlobals) = postSolution
		SolutionGuid = {F42D0D0C-A260-4CEA-BC48-9C237213853D}
	EndGlobalSection
EndGlobal
